#MicroXplorer Configuration settings - do not modify
ADC1.CommonPathInternal=null|null|null|null
ADC1.EnableInjectedConversion=ENABLE
ADC1.EnableRegularConversion=DISABLE
ADC1.ExternalTrigInjecConv=ADC_EXTERNALTRIGINJEC_T1_CC4
ADC1.ExternalTrigInjecConvEdge=ADC_EXTERNALTRIGINJECCONV_EDGE_FALLING
ADC1.IPParameters=EnableInjectedConversion,Mode,EnableRegularConversion,InjectedRank-2\#ChannelInjectedConversion,InjectedChannel-2\#ChannelInjectedConversion,InjectedSamplingTime-2\#ChannelInjectedConversion,InjectedOffsetNumber-2\#ChannelInjectedConversion,InjectedRank-3\#ChannelInjectedConversion,InjectedChannel-3\#ChannelInjectedConversion,InjectedSamplingTime-3\#ChannelInjectedConversion,InjectedOffsetNumber-3\#ChannelInjectedConversion,InjectedRank-4\#ChannelInjectedConversion,InjectedChannel-4\#ChannelInjectedConversion,InjectedSamplingTime-4\#ChannelInjectedConversion,InjectedOffsetNumber-4\#ChannelInjectedConversion,InjNumberOfConversion,master,Rank2_Channel,Rank3_Channel,ExternalTrigInjecConv,ExternalTrigInjecConvEdge,injectedQueueMode,CommonPathInternal
ADC1.InjNumberOfConversion=3
ADC1.InjectedChannel-2\#ChannelInjectedConversion=ADC_CHANNEL_4
ADC1.InjectedChannel-3\#ChannelInjectedConversion=ADC_CHANNEL_12
ADC1.InjectedChannel-4\#ChannelInjectedConversion=ADC_CHANNEL_11
ADC1.InjectedOffsetNumber-2\#ChannelInjectedConversion=ADC_OFFSET_NONE
ADC1.InjectedOffsetNumber-3\#ChannelInjectedConversion=ADC_OFFSET_NONE
ADC1.InjectedOffsetNumber-4\#ChannelInjectedConversion=ADC_OFFSET_NONE
ADC1.InjectedRank-2\#ChannelInjectedConversion=1
ADC1.InjectedRank-3\#ChannelInjectedConversion=2
ADC1.InjectedRank-4\#ChannelInjectedConversion=3
ADC1.InjectedSamplingTime-2\#ChannelInjectedConversion=ADC_SAMPLETIME_2CYCLES_5
ADC1.InjectedSamplingTime-3\#ChannelInjectedConversion=ADC_SAMPLETIME_2CYCLES_5
ADC1.InjectedSamplingTime-4\#ChannelInjectedConversion=ADC_SAMPLETIME_2CYCLES_5
ADC1.Mode=ADC_MODE_INDEPENDENT
ADC1.Rank2_Channel=ADC_CHANNEL_12
ADC1.Rank3_Channel=ADC_CHANNEL_11
ADC1.injectedQueueMode=DISABLE
ADC1.master=1
ADC2.CommonPathInternal=null|null|null|null
ADC2.ContinuousConvMode=DISABLE
ADC2.EOCSelection=ADC_EOC_SEQ_CONV
ADC2.EnableInjectedConversion=ENABLE
ADC2.EnableInjectedOversampling=DISABLE
ADC2.EnableRegularConversion=DISABLE
ADC2.ExternalTrigInjecConv=ADC_EXTERNALTRIGINJEC_T8_CC4
ADC2.ExternalTrigInjecConvEdge=ADC_EXTERNALTRIGINJECCONV_EDGE_FALLING
ADC2.IPParameters=EnableInjectedConversion,Rank1_Channel,Rank2_Channel,Rank3_Channel,Rank4_Channel,EnableInjectedOversampling,EOCSelection,OversamplingMode,EnableRegularConversion,ContinuousConvMode,InjectedRank-12\#ChannelInjectedConversion,InjectedChannel-12\#ChannelInjectedConversion,InjectedSamplingTime-12\#ChannelInjectedConversion,InjectedOffsetNumber-12\#ChannelInjectedConversion,InjectedRank-13\#ChannelInjectedConversion,InjectedChannel-13\#ChannelInjectedConversion,InjectedSamplingTime-13\#ChannelInjectedConversion,InjectedOffsetNumber-13\#ChannelInjectedConversion,InjectedRank-14\#ChannelInjectedConversion,InjectedChannel-14\#ChannelInjectedConversion,InjectedSamplingTime-14\#ChannelInjectedConversion,InjectedOffsetNumber-14\#ChannelInjectedConversion,InjNumberOfConversion,ExternalTrigInjecConv,ExternalTrigInjecConvEdge,InjectedRank-17\#ChannelInjectedConversion,InjectedChannel-17\#ChannelInjectedConversion,InjectedSamplingTime-17\#ChannelInjectedConversion,InjectedOffsetNumber-17\#ChannelInjectedConversion,injectedQueueMode,CommonPathInternal
ADC2.InjNumberOfConversion=4
ADC2.InjectedChannel-12\#ChannelInjectedConversion=ADC_CHANNEL_17
ADC2.InjectedChannel-13\#ChannelInjectedConversion=ADC_CHANNEL_10
ADC2.InjectedChannel-14\#ChannelInjectedConversion=ADC_CHANNEL_12
ADC2.InjectedChannel-17\#ChannelInjectedConversion=ADC_CHANNEL_13
ADC2.InjectedOffsetNumber-12\#ChannelInjectedConversion=ADC_OFFSET_NONE
ADC2.InjectedOffsetNumber-13\#ChannelInjectedConversion=ADC_OFFSET_NONE
ADC2.InjectedOffsetNumber-14\#ChannelInjectedConversion=ADC_OFFSET_NONE
ADC2.InjectedOffsetNumber-17\#ChannelInjectedConversion=ADC_OFFSET_NONE
ADC2.InjectedRank-12\#ChannelInjectedConversion=1
ADC2.InjectedRank-13\#ChannelInjectedConversion=2
ADC2.InjectedRank-14\#ChannelInjectedConversion=3
ADC2.InjectedRank-17\#ChannelInjectedConversion=4
ADC2.InjectedSamplingTime-12\#ChannelInjectedConversion=ADC_SAMPLETIME_2CYCLES_5
ADC2.InjectedSamplingTime-13\#ChannelInjectedConversion=ADC_SAMPLETIME_2CYCLES_5
ADC2.InjectedSamplingTime-14\#ChannelInjectedConversion=ADC_SAMPLETIME_2CYCLES_5
ADC2.InjectedSamplingTime-17\#ChannelInjectedConversion=ADC_SAMPLETIME_2CYCLES_5
ADC2.OversamplingMode=DISABLE
ADC2.Rank1_Channel=ADC_CHANNEL_17
ADC2.Rank2_Channel=ADC_CHANNEL_10
ADC2.Rank3_Channel=ADC_CHANNEL_12
ADC2.Rank4_Channel=ADC_CHANNEL_13
ADC2.injectedQueueMode=DISABLE
CAD.formats=
CAD.pinconfig=
CAD.provider=
Dma.CORDIC_READ.0.Direction=DMA_PERIPH_TO_MEMORY
Dma.CORDIC_READ.0.EventEnable=DISABLE
Dma.CORDIC_READ.0.Instance=DMA1_Channel1
Dma.CORDIC_READ.0.MemDataAlignment=DMA_MDATAALIGN_WORD
Dma.CORDIC_READ.0.MemInc=DMA_MINC_ENABLE
Dma.CORDIC_READ.0.Mode=DMA_NORMAL
Dma.CORDIC_READ.0.PeriphDataAlignment=DMA_PDATAALIGN_WORD
Dma.CORDIC_READ.0.PeriphInc=DMA_PINC_DISABLE
Dma.CORDIC_READ.0.Polarity=HAL_DMAMUX_REQ_GEN_RISING
Dma.CORDIC_READ.0.Priority=DMA_PRIORITY_LOW
Dma.CORDIC_READ.0.RequestNumber=1
Dma.CORDIC_READ.0.RequestParameters=Instance,Direction,PeriphInc,MemInc,PeriphDataAlignment,MemDataAlignment,Mode,Priority,SignalID,Polarity,RequestNumber,SyncSignalID,SyncPolarity,SyncEnable,EventEnable,SyncRequestNumber
Dma.CORDIC_READ.0.SignalID=NONE
Dma.CORDIC_READ.0.SyncEnable=DISABLE
Dma.CORDIC_READ.0.SyncPolarity=HAL_DMAMUX_SYNC_NO_EVENT
Dma.CORDIC_READ.0.SyncRequestNumber=1
Dma.CORDIC_READ.0.SyncSignalID=NONE
Dma.CORDIC_WRITE.1.Direction=DMA_MEMORY_TO_PERIPH
Dma.CORDIC_WRITE.1.EventEnable=DISABLE
Dma.CORDIC_WRITE.1.Instance=DMA1_Channel2
Dma.CORDIC_WRITE.1.MemDataAlignment=DMA_MDATAALIGN_WORD
Dma.CORDIC_WRITE.1.MemInc=DMA_MINC_ENABLE
Dma.CORDIC_WRITE.1.Mode=DMA_NORMAL
Dma.CORDIC_WRITE.1.PeriphDataAlignment=DMA_PDATAALIGN_WORD
Dma.CORDIC_WRITE.1.PeriphInc=DMA_PINC_DISABLE
Dma.CORDIC_WRITE.1.Polarity=HAL_DMAMUX_REQ_GEN_RISING
Dma.CORDIC_WRITE.1.Priority=DMA_PRIORITY_LOW
Dma.CORDIC_WRITE.1.RequestNumber=1
Dma.CORDIC_WRITE.1.RequestParameters=Instance,Direction,PeriphInc,MemInc,PeriphDataAlignment,MemDataAlignment,Mode,Priority,SignalID,Polarity,RequestNumber,SyncSignalID,SyncPolarity,SyncEnable,EventEnable,SyncRequestNumber
Dma.CORDIC_WRITE.1.SignalID=NONE
Dma.CORDIC_WRITE.1.SyncEnable=DISABLE
Dma.CORDIC_WRITE.1.SyncPolarity=HAL_DMAMUX_SYNC_NO_EVENT
Dma.CORDIC_WRITE.1.SyncRequestNumber=1
Dma.CORDIC_WRITE.1.SyncSignalID=NONE
Dma.Request0=CORDIC_READ
Dma.Request1=CORDIC_WRITE
Dma.Request2=USART1_TX
Dma.RequestsNb=3
Dma.USART1_TX.2.Direction=DMA_MEMORY_TO_PERIPH
Dma.USART1_TX.2.EventEnable=DISABLE
Dma.USART1_TX.2.Instance=DMA2_Channel1
Dma.USART1_TX.2.MemDataAlignment=DMA_MDATAALIGN_BYTE
Dma.USART1_TX.2.MemInc=DMA_MINC_ENABLE
Dma.USART1_TX.2.Mode=DMA_NORMAL
Dma.USART1_TX.2.PeriphDataAlignment=DMA_PDATAALIGN_BYTE
Dma.USART1_TX.2.PeriphInc=DMA_PINC_DISABLE
Dma.USART1_TX.2.Polarity=HAL_DMAMUX_REQ_GEN_RISING
Dma.USART1_TX.2.Priority=DMA_PRIORITY_LOW
Dma.USART1_TX.2.RequestNumber=1
Dma.USART1_TX.2.RequestParameters=Instance,Direction,PeriphInc,MemInc,PeriphDataAlignment,MemDataAlignment,Mode,Priority,SignalID,Polarity,RequestNumber,SyncSignalID,SyncPolarity,SyncEnable,EventEnable,SyncRequestNumber
Dma.USART1_TX.2.SignalID=NONE
Dma.USART1_TX.2.SyncEnable=DISABLE
Dma.USART1_TX.2.SyncPolarity=HAL_DMAMUX_SYNC_NO_EVENT
Dma.USART1_TX.2.SyncRequestNumber=1
Dma.USART1_TX.2.SyncSignalID=NONE
File.Version=6
GPIO.groupedBy=Group By Peripherals
KeepUserPlacement=false
Mcu.CPN=STM32G431CBU6
Mcu.Family=STM32G4
Mcu.IP0=ADC1
Mcu.IP1=ADC2
Mcu.IP10=TIM3
Mcu.IP11=TIM8
Mcu.IP12=USART1
Mcu.IP13=USART3
Mcu.IP14=USB
Mcu.IP15=USB_DEVICE
Mcu.IP2=CORDIC
Mcu.IP3=DMA
Mcu.IP4=FMAC
Mcu.IP5=NVIC
Mcu.IP6=RCC
Mcu.IP7=SYS
Mcu.IP8=TIM1
Mcu.IP9=TIM2
Mcu.IPNb=16
Mcu.Name=STM32G431C(6-8-B)Ux
Mcu.Package=UFQFPN48
Mcu.Pin0=PC13
Mcu.Pin1=PC14-OSC32_IN
Mcu.Pin10=PA6
Mcu.Pin11=PA7
Mcu.Pin12=PC4
Mcu.Pin13=PB0
Mcu.Pin14=PB1
Mcu.Pin15=PB2
Mcu.Pin16=PB10
Mcu.Pin17=PB11
Mcu.Pin18=PB12
Mcu.Pin19=PB13
Mcu.Pin2=PC15-OSC32_OUT
Mcu.Pin20=PB14
Mcu.Pin21=PB15
Mcu.Pin22=PC6
Mcu.Pin23=PA8
Mcu.Pin24=PA9
Mcu.Pin25=PA10
Mcu.Pin26=PA11
Mcu.Pin27=PA12
Mcu.Pin28=PA13
Mcu.Pin29=PA14
Mcu.Pin3=PF1-OSC_OUT
Mcu.Pin30=PA15
Mcu.Pin31=PC10
Mcu.Pin32=PC11
Mcu.Pin33=PB5
Mcu.Pin34=PB7
Mcu.Pin35=PB8-BOOT0
Mcu.Pin36=PB9
Mcu.Pin37=VP_CORDIC_VS_CORDIC
Mcu.Pin38=VP_FMAC_VS_FMAC
Mcu.Pin39=VP_SYS_VS_Systick
Mcu.Pin4=PA0
Mcu.Pin40=VP_SYS_VS_DBSignals
Mcu.Pin41=VP_TIM1_VS_ClockSourceINT
Mcu.Pin42=VP_TIM1_VS_no_output4
Mcu.Pin43=VP_TIM2_VS_ClockSourceINT
Mcu.Pin44=VP_TIM3_VS_ClockSourceINT
Mcu.Pin45=VP_TIM8_VS_ClockSourceINT
Mcu.Pin46=VP_TIM8_VS_no_output4
Mcu.Pin47=VP_USB_DEVICE_VS_USB_DEVICE_CDC_FS
Mcu.Pin48=VP_STMicroelectronics.X-CUBE-ALGOBUILD_VS_DSPOoLibraryJjLibrary_1.3.0_1.3.0
Mcu.Pin5=PA1
Mcu.Pin6=PA2
Mcu.Pin7=PA3
Mcu.Pin8=PA4
Mcu.Pin9=PA5
Mcu.PinsNb=49
Mcu.ThirdParty0=STMicroelectronics.X-CUBE-ALGOBUILD.1.3.0
Mcu.ThirdPartyNb=1
Mcu.UserConstants=
Mcu.UserName=STM32G431CBUx
MxCube.Version=6.6.1
MxDb.Version=DB.6.0.60
NVIC.ADC1_2_IRQn=true\:0\:0\:true\:false\:true\:true\:true\:true
NVIC.BusFault_IRQn=true\:0\:0\:false\:false\:true\:false\:false\:false
NVIC.DMA1_Channel1_IRQn=true\:0\:0\:false\:false\:true\:false\:true\:true
NVIC.DMA1_Channel2_IRQn=true\:0\:0\:false\:false\:true\:false\:true\:true
NVIC.DMA2_Channel1_IRQn=true\:2\:0\:true\:false\:true\:false\:true\:true
NVIC.DebugMonitor_IRQn=true\:0\:0\:false\:false\:true\:false\:false\:false
NVIC.EXTI15_10_IRQn=true\:2\:0\:true\:false\:true\:true\:true\:true
NVIC.ForceEnableDMAVector=true
NVIC.HardFault_IRQn=true\:0\:0\:false\:false\:true\:false\:false\:false
NVIC.MemoryManagement_IRQn=true\:0\:0\:false\:false\:true\:false\:false\:false
NVIC.NonMaskableInt_IRQn=true\:0\:0\:false\:false\:true\:false\:false\:false
NVIC.PendSV_IRQn=true\:0\:0\:false\:false\:true\:false\:false\:false
NVIC.PriorityGroup=NVIC_PRIORITYGROUP_4
NVIC.SVCall_IRQn=true\:0\:0\:false\:false\:true\:false\:false\:false
NVIC.SysTick_IRQn=true\:15\:0\:false\:false\:true\:false\:true\:false
NVIC.TIM1_CC_IRQn=true\:1\:0\:true\:false\:true\:true\:true\:true
NVIC.TIM2_IRQn=true\:2\:0\:true\:false\:true\:true\:true\:true
NVIC.TIM3_IRQn=true\:2\:0\:true\:false\:true\:true\:true\:true
NVIC.TIM8_CC_IRQn=true\:1\:0\:true\:false\:true\:true\:true\:true
NVIC.USART1_IRQn=true\:3\:0\:true\:false\:true\:true\:true\:true
NVIC.USB_LP_IRQn=true\:0\:0\:false\:false\:true\:false\:true\:true
NVIC.UsageFault_IRQn=true\:0\:0\:false\:false\:true\:false\:false\:false
PA0.GPIOParameters=GPIO_Speed,GPIO_PuPd,GPIO_Label
PA0.GPIO_Label=HALL1_U
PA0.GPIO_PuPd=GPIO_PULLDOWN
PA0.GPIO_Speed=GPIO_SPEED_FREQ_HIGH
PA0.Signal=S_TIM2_CH1
PA1.GPIOParameters=GPIO_Speed,GPIO_PuPd,GPIO_Label
PA1.GPIO_Label=HALL1_V
PA1.GPIO_PuPd=GPIO_PULLDOWN
PA1.GPIO_Speed=GPIO_SPEED_FREQ_HIGH
PA1.Signal=S_TIM2_CH2
PA10.GPIOParameters=GPIO_Speed,GPIO_PuPd,GPIO_Label
PA10.GPIO_Label=MOTOR1_WP
PA10.GPIO_PuPd=GPIO_NOPULL
PA10.GPIO_Speed=GPIO_SPEED_FREQ_LOW
PA10.Signal=S_TIM1_CH3
PA11.Mode=Device
PA11.Signal=USB_DM
PA12.Mode=Device
PA12.Signal=USB_DP
PA13.Mode=Serial_Wire
PA13.Signal=SYS_JTMS-SWDIO
PA14.Mode=Serial_Wire
PA14.Signal=SYS_JTCK-SWCLK
PA15.GPIOParameters=GPIO_Speed,GPIO_PuPd,GPIO_Label
PA15.GPIO_Label=MOTOR2_UP
PA15.GPIO_PuPd=GPIO_NOPULL
PA15.GPIO_Speed=GPIO_SPEED_FREQ_LOW
PA15.Locked=true
PA15.Signal=S_TIM8_CH1
PA2.GPIOParameters=GPIO_Speed,GPIO_PuPd,GPIO_Label
PA2.GPIO_Label=HALL1_W
PA2.GPIO_PuPd=GPIO_PULLDOWN
PA2.GPIO_Speed=GPIO_SPEED_FREQ_HIGH
PA2.Signal=S_TIM2_CH3
PA3.GPIOParameters=GPIO_Label
PA3.GPIO_Label=VU_A
PA3.Locked=true
PA3.Mode=IN4-Single-Ended
PA3.Signal=ADC1_IN4
PA4.GPIOParameters=GPIO_Label
PA4.GPIO_Label=VW_B
PA4.Mode=IN17-Single-Ended
PA4.Signal=ADC2_IN17
PA5.GPIOParameters=GPIO_Label
PA5.GPIO_Label=V_POWER
PA5.Mode=IN13-Single-Ended
PA5.Signal=ADC2_IN13
PA6.GPIOParameters=GPIO_PuPd,GPIO_Label
PA6.GPIO_Label=HALL2_U
PA6.GPIO_PuPd=GPIO_PULLDOWN
PA6.Locked=true
PA6.Signal=S_TIM3_CH1
PA7.GPIOParameters=GPIO_PuPd,GPIO_Label
PA7.GPIO_Label=HALL2_V
PA7.GPIO_PuPd=GPIO_PULLDOWN
PA7.Signal=S_TIM3_CH2
PA8.GPIOParameters=GPIO_Speed,GPIO_PuPd,GPIO_Label
PA8.GPIO_Label=MOTOR1_UP
PA8.GPIO_PuPd=GPIO_NOPULL
PA8.GPIO_Speed=GPIO_SPEED_FREQ_LOW
PA8.Signal=S_TIM1_CH1
PA9.GPIOParameters=GPIO_Speed,GPIO_PuPd,GPIO_Label
PA9.GPIO_Label=MOTOR1_VP
PA9.GPIO_PuPd=GPIO_NOPULL
PA9.GPIO_Speed=GPIO_SPEED_FREQ_LOW
PA9.Signal=S_TIM1_CH2
PB0.GPIOParameters=GPIO_PuPd,GPIO_Label
PB0.GPIO_Label=HALL2_W
PB0.GPIO_PuPd=GPIO_PULLDOWN
PB0.Signal=S_TIM3_CH3
PB1.GPIOParameters=GPIO_Label
PB1.GPIO_Label=VV_A
PB1.Locked=true
PB1.Mode=IN12-Single-Ended
PB1.Signal=ADC1_IN12
PB10.Mode=Asynchronous
PB10.Signal=USART3_TX
PB11.Mode=Asynchronous
PB11.Signal=USART3_RX
PB12.GPIOParameters=GPIO_Label
PB12.GPIO_Label=VW_A
PB12.Locked=true
PB12.Mode=IN11-Single-Ended
PB12.Signal=ADC1_IN11
PB13.GPIOParameters=GPIO_Speed,GPIO_PuPd,GPIO_Label
PB13.GPIO_Label=MOTOR1_UN
PB13.GPIO_PuPd=GPIO_NOPULL
PB13.GPIO_Speed=GPIO_SPEED_FREQ_LOW
PB13.Locked=true
PB13.Mode=PWM Generation1 CH1 CH1N
PB13.Signal=TIM1_CH1N
PB14.GPIOParameters=GPIO_Speed,GPIO_PuPd,GPIO_Label
PB14.GPIO_Label=MOTOR1_VN
PB14.GPIO_PuPd=GPIO_NOPULL
PB14.GPIO_Speed=GPIO_SPEED_FREQ_LOW
PB14.Locked=true
PB14.Mode=PWM Generation2 CH2 CH2N
PB14.Signal=TIM1_CH2N
PB15.GPIOParameters=GPIO_Speed,GPIO_PuPd,GPIO_Label
PB15.GPIO_Label=MOTOR1_WN
PB15.GPIO_PuPd=GPIO_NOPULL
PB15.GPIO_Speed=GPIO_SPEED_FREQ_LOW
PB15.Locked=true
PB15.Mode=PWM Generation3 CH3 CH3N
PB15.Signal=TIM1_CH3N
PB2.GPIOParameters=GPIO_Label
PB2.GPIO_Label=VU_B
PB2.Locked=true
PB2.Mode=IN12-Single-Ended
PB2.Signal=ADC2_IN12
PB5.GPIOParameters=GPIO_Speed,GPIO_PuPd,GPIO_Label
PB5.GPIO_Label=MOTOR2_WN
PB5.GPIO_PuPd=GPIO_NOPULL
PB5.GPIO_Speed=GPIO_SPEED_FREQ_LOW
PB5.Locked=true
PB5.Mode=PWM Generation3 CH3 CH3N
PB5.Signal=TIM8_CH3N
PB7.Mode=Asynchronous
PB7.Signal=USART1_RX
PB8-BOOT0.GPIOParameters=GPIO_Speed,GPIO_PuPd,GPIO_Label
PB8-BOOT0.GPIO_Label=MOTOR2_VP
PB8-BOOT0.GPIO_PuPd=GPIO_NOPULL
PB8-BOOT0.GPIO_Speed=GPIO_SPEED_FREQ_LOW
PB8-BOOT0.Signal=S_TIM8_CH2
PB9.GPIOParameters=GPIO_Speed,GPIO_PuPd,GPIO_Label
PB9.GPIO_Label=MOTOR2_WP
PB9.GPIO_PuPd=GPIO_NOPULL
PB9.GPIO_Speed=GPIO_SPEED_FREQ_LOW
PB9.Signal=S_TIM8_CH3
PC10.GPIOParameters=GPIO_Speed,GPIO_PuPd,GPIO_Label
PC10.GPIO_Label=MOTOR2_UN
PC10.GPIO_PuPd=GPIO_NOPULL
PC10.GPIO_Speed=GPIO_SPEED_FREQ_LOW
PC10.Locked=true
PC10.Mode=PWM Generation1 CH1 CH1N
PC10.Signal=TIM8_CH1N
PC11.GPIOParameters=GPIO_Speed,GPIO_PuPd,GPIO_Label
PC11.GPIO_Label=MOTOR2_VN
PC11.GPIO_PuPd=GPIO_NOPULL
PC11.GPIO_Speed=GPIO_SPEED_FREQ_LOW
PC11.Locked=true
PC11.Mode=PWM Generation2 CH2 CH2N
PC11.Signal=TIM8_CH2N
PC13.GPIOParameters=GPIO_PuPd,GPIO_Label,GPIO_ModeDefaultEXTI
PC13.GPIO_Label=KEY0
PC13.GPIO_ModeDefaultEXTI=GPIO_MODE_IT_FALLING
PC13.GPIO_PuPd=GPIO_PULLUP
PC13.Locked=true
PC13.Signal=GPXTI13
PC14-OSC32_IN.GPIOParameters=GPIO_PuPd,GPIO_Label,GPIO_ModeDefaultEXTI
PC14-OSC32_IN.GPIO_Label=KEY1
PC14-OSC32_IN.GPIO_ModeDefaultEXTI=GPIO_MODE_IT_FALLING
PC14-OSC32_IN.GPIO_PuPd=GPIO_PULLUP
PC14-OSC32_IN.Locked=true
PC14-OSC32_IN.Signal=GPXTI14
PC15-OSC32_OUT.GPIOParameters=GPIO_PuPd,GPIO_Label,GPIO_ModeDefaultEXTI
PC15-OSC32_OUT.GPIO_Label=KEY2
PC15-OSC32_OUT.GPIO_ModeDefaultEXTI=GPIO_MODE_IT_FALLING
PC15-OSC32_OUT.GPIO_PuPd=GPIO_PULLUP
PC15-OSC32_OUT.Locked=true
PC15-OSC32_OUT.Signal=GPXTI15
PC4.Mode=Asynchronous
PC4.Signal=USART1_TX
PC6.GPIOParameters=GPIO_Label
PC6.GPIO_Label=LED
PC6.Locked=true
PC6.Signal=GPIO_Output
PF1-OSC_OUT.GPIOParameters=GPIO_Label
PF1-OSC_OUT.GPIO_Label=VV_B
PF1-OSC_OUT.Locked=true
PF1-OSC_OUT.Mode=IN10-Single-Ended
PF1-OSC_OUT.Signal=ADC2_IN10
PinOutPanel.RotationAngle=0
ProjectManager.AskForMigrate=true
ProjectManager.BackupPrevious=false
ProjectManager.CompilerLinker=GCC
ProjectManager.CompilerOptimize=6
ProjectManager.ComputerToolchain=false
ProjectManager.CoupleFile=true
ProjectManager.CustomerFirmwarePackage=
ProjectManager.DefaultFWLocation=true
ProjectManager.DeletePrevious=true
ProjectManager.DeviceId=STM32G431CBUx
ProjectManager.FirmwarePackage=STM32Cube FW_G4 V1.5.2
ProjectManager.FreePins=false
ProjectManager.HalAssertFull=false
ProjectManager.HeapSize=0x200
ProjectManager.KeepUserCode=true
ProjectManager.LastFirmware=true
ProjectManager.LibraryCopy=0
ProjectManager.MainLocation=Core/Src
ProjectManager.NoMain=false
ProjectManager.PreviousToolchain=
ProjectManager.ProjectBuild=false
ProjectManager.ProjectFileName=STM32G431_FOC_PD.ioc
ProjectManager.ProjectName=STM32G431_FOC_PD
ProjectManager.ProjectStructure=
ProjectManager.RegisterCallBack=
ProjectManager.StackSize=0x400
ProjectManager.TargetToolchain=Makefile
ProjectManager.ToolChainLocation=
ProjectManager.UAScriptAfterPath=
ProjectManager.UAScriptBeforePath=
ProjectManager.UnderRoot=false
ProjectManager.functionlistsort=1-SystemClock_Config-RCC-false-HAL-false,2-MX_GPIO_Init-GPIO-false-HAL-true,3-MX_DMA_Init-DMA-false-HAL-true,4-MX_ADC1_Init-ADC1-false-HAL-true,5-MX_ADC2_Init-ADC2-false-HAL-true,6-MX_CORDIC_Init-CORDIC-false-HAL-true,7-MX_FMAC_Init-FMAC-false-HAL-true,8-MX_TIM1_Init-TIM1-false-HAL-true,9-MX_TIM2_Init-TIM2-false-HAL-true,10-MX_TIM3_Init-TIM3-false-HAL-true,11-MX_TIM8_Init-TIM8-false-HAL-true,12-MX_USART3_UART_Init-USART3-false-HAL-true,13-MX_USB_Device_Init-USB_DEVICE-false-HAL-false,14-MX_USART1_UART_Init-USART1-false-HAL-true
RCC.ADC12Freq_Value=168000000
RCC.AHBFreq_Value=168000000
RCC.APB1Freq_Value=168000000
RCC.APB1TimFreq_Value=168000000
RCC.APB2Freq_Value=168000000
RCC.APB2TimFreq_Value=168000000
RCC.CK48CLockSelection=RCC_USBCLKSOURCE_HSI48
RCC.CRSFreq_Value=48000000
RCC.CortexFreq_Value=168000000
RCC.EXTERNAL_CLOCK_VALUE=12288000
RCC.FCLKCortexFreq_Value=168000000
RCC.FDCANFreq_Value=168000000
RCC.FamilyName=M
RCC.HCLKFreq_Value=168000000
RCC.HSE_VALUE=8000000
RCC.HSI48_VALUE=48000000
RCC.HSI_VALUE=16000000
RCC.I2C1Freq_Value=168000000
RCC.I2C2Freq_Value=168000000
RCC.I2C3Freq_Value=168000000
RCC.I2SFreq_Value=168000000
RCC.IPParameters=ADC12Freq_Value,AHBFreq_Value,APB1Freq_Value,APB1TimFreq_Value,APB2Freq_Value,APB2TimFreq_Value,CK48CLockSelection,CRSFreq_Value,CortexFreq_Value,EXTERNAL_CLOCK_VALUE,FCLKCortexFreq_Value,FDCANFreq_Value,FamilyName,HCLKFreq_Value,HSE_VALUE,HSI48_VALUE,HSI_VALUE,I2C1Freq_Value,I2C2Freq_Value,I2C3Freq_Value,I2SFreq_Value,LPTIM1Freq_Value,LPUART1Freq_Value,LSCOPinFreq_Value,LSE_VALUE,LSI_VALUE,MCO1PinFreq_Value,PLLN,PLLPoutputFreq_Value,PLLQoutputFreq_Value,PLLRCLKFreq_Value,PWRFreq_Value,RNGFreq_Value,SAI1Freq_Value,SYSCLKFreq_VALUE,SYSCLKSource,USART1Freq_Value,USART2Freq_Value,USART3Freq_Value,USBFreq_Value,VCOInputFreq_Value,VCOOutputFreq_Value
RCC.LPTIM1Freq_Value=168000000
RCC.LPUART1Freq_Value=168000000
RCC.LSCOPinFreq_Value=32000
RCC.LSE_VALUE=32768
RCC.LSI_VALUE=32000
RCC.MCO1PinFreq_Value=16000000
RCC.PLLN=21
RCC.PLLPoutputFreq_Value=168000000
RCC.PLLQoutputFreq_Value=168000000
RCC.PLLRCLKFreq_Value=168000000
RCC.PWRFreq_Value=168000000
RCC.RNGFreq_Value=48000000
RCC.SAI1Freq_Value=168000000
RCC.SYSCLKFreq_VALUE=168000000
RCC.SYSCLKSource=RCC_SYSCLKSOURCE_PLLCLK
RCC.USART1Freq_Value=168000000
RCC.USART2Freq_Value=168000000
RCC.USART3Freq_Value=168000000
RCC.USBFreq_Value=48000000
RCC.VCOInputFreq_Value=16000000
RCC.VCOOutputFreq_Value=336000000
SH.GPXTI13.0=GPIO_EXTI13
SH.GPXTI13.ConfNb=1
SH.GPXTI14.0=GPIO_EXTI14
SH.GPXTI14.ConfNb=1
SH.GPXTI15.0=GPIO_EXTI15
SH.GPXTI15.ConfNb=1
SH.S_TIM1_CH1.0=TIM1_CH1,PWM Generation1 CH1 CH1N
SH.S_TIM1_CH1.ConfNb=1
SH.S_TIM1_CH2.0=TIM1_CH2,PWM Generation2 CH2 CH2N
SH.S_TIM1_CH2.ConfNb=1
SH.S_TIM1_CH3.0=TIM1_CH3,PWM Generation3 CH3 CH3N
SH.S_TIM1_CH3.ConfNb=1
SH.S_TIM2_CH1.0=TIM2_CH1,Xored_Inputs_Hall_Sensor_Interface
SH.S_TIM2_CH1.ConfNb=1
SH.S_TIM2_CH2.0=TIM2_CH2,Xored_Inputs_Hall_Sensor_Interface
SH.S_TIM2_CH2.ConfNb=1
SH.S_TIM2_CH3.0=TIM2_CH3,Xored_Inputs_Hall_Sensor_Interface
SH.S_TIM2_CH3.ConfNb=1
SH.S_TIM3_CH1.0=TIM3_CH1,Xored_Inputs_Hall_Sensor_Interface
SH.S_TIM3_CH1.ConfNb=1
SH.S_TIM3_CH2.0=TIM3_CH2,Xored_Inputs_Hall_Sensor_Interface
SH.S_TIM3_CH2.ConfNb=1
SH.S_TIM3_CH3.0=TIM3_CH3,Xored_Inputs_Hall_Sensor_Interface
SH.S_TIM3_CH3.ConfNb=1
SH.S_TIM8_CH1.0=TIM8_CH1,PWM Generation1 CH1 CH1N
SH.S_TIM8_CH1.ConfNb=1
SH.S_TIM8_CH2.0=TIM8_CH2,PWM Generation2 CH2 CH2N
SH.S_TIM8_CH2.ConfNb=1
SH.S_TIM8_CH3.0=TIM8_CH3,PWM Generation3 CH3 CH3N
SH.S_TIM8_CH3.ConfNb=1
STMicroelectronics.X-CUBE-ALGOBUILD.1.3.0.DSPOoLibraryJjLibrary_Checked=true
STMicroelectronics.X-CUBE-ALGOBUILD.1.3.0.IPParameters=LibraryCcDSPOoLibraryJjDSPOoLibrary
STMicroelectronics.X-CUBE-ALGOBUILD.1.3.0.LibraryCcDSPOoLibraryJjDSPOoLibrary=true
STMicroelectronics.X-CUBE-ALGOBUILD.1.3.0_SwParameter=LibraryCcDSPOoLibraryJjDSPOoLibrary\:true;
TIM1.AutoReloadPreload=TIM_AUTORELOAD_PRELOAD_DISABLE
TIM1.Channel-PWM\ Generation1\ CH1\ CH1N=TIM_CHANNEL_1
TIM1.Channel-PWM\ Generation2\ CH2\ CH2N=TIM_CHANNEL_2
TIM1.Channel-PWM\ Generation3\ CH3\ CH3N=TIM_CHANNEL_3
TIM1.Channel-PWM\ Generation4\ No\ Output=TIM_CHANNEL_4
TIM1.CounterMode=TIM_COUNTERMODE_CENTERALIGNED1
TIM1.DeadTime=50
TIM1.IPParameters=Channel-PWM Generation1 CH1 CH1N,Channel-PWM Generation2 CH2 CH2N,Channel-PWM Generation3 CH3 CH3N,Channel-PWM Generation4 No Output,CounterMode,PeriodNoDither,DeadTime,TIM_MasterOutputTrigger,Prescaler,RepetitionCounter,AutoReloadPreload,OCFastMode_PWM-PWM Generation2 CH2 CH2N,OCFastMode_PWM-PWM Generation3 CH3 CH3N,OCFastMode_PWM-PWM Generation1 CH1 CH1N
TIM1.OCFastMode_PWM-PWM\ Generation1\ CH1\ CH1N=TIM_OCFAST_DISABLE
TIM1.OCFastMode_PWM-PWM\ Generation2\ CH2\ CH2N=TIM_OCFAST_DISABLE
TIM1.OCFastMode_PWM-PWM\ Generation3\ CH3\ CH3N=TIM_OCFAST_DISABLE
TIM1.PeriodNoDither=4199
TIM1.Prescaler=0
TIM1.RepetitionCounter=0
TIM1.TIM_MasterOutputTrigger=TIM_TRGO_OC4REF
TIM2.Channel-Input_Capture1_from_TI1=TIM_CHANNEL_1
TIM2.Channel-Input_Capture2_from_TI2=TIM_CHANNEL_2
TIM2.Channel-Input_Capture3_from_TI3=TIM_CHANNEL_3
TIM2.IPParameters=Prescaler,PeriodNoDither,Channel-Input_Capture1_from_TI1,Channel-Input_Capture2_from_TI2,Channel-Input_Capture3_from_TI3
TIM2.PeriodNoDither=4294967295
TIM2.Prescaler=0
TIM3.Commutation_Delay=5
TIM3.IC1Filter=10
TIM3.IPParameters=Prescaler,PeriodNoDither,IC1Filter,Commutation_Delay
TIM3.PeriodNoDither=10000
TIM3.Prescaler=12000
TIM8.AutoReloadPreload=TIM_AUTORELOAD_PRELOAD_DISABLE
TIM8.Channel-PWM\ Generation1\ CH1\ CH1N=TIM_CHANNEL_1
TIM8.Channel-PWM\ Generation2\ CH2\ CH2N=TIM_CHANNEL_2
TIM8.Channel-PWM\ Generation3\ CH3\ CH3N=TIM_CHANNEL_3
TIM8.Channel-PWM\ Generation4\ No\ Output=TIM_CHANNEL_4
TIM8.CounterMode=TIM_COUNTERMODE_CENTERALIGNED1
TIM8.DeadTime=50
TIM8.DeadTimePreload=DISABLE
TIM8.Dithering=Disable
TIM8.IPParameters=Channel-PWM Generation1 CH1 CH1N,Channel-PWM Generation3 CH3 CH3N,Channel-PWM Generation4 No Output,Channel-PWM Generation2 CH2 CH2N,PeriodNoDither,TIM_MasterOutputTrigger,Prescaler,RepetitionCounter,CounterMode,DeadTime,DeadTimePreload,TIM_MasterOutputTrigger2,Dithering,OCMode_PWM-PWM Generation1 CH1 CH1N,OCMode_PWM-PWM Generation2 CH2 CH2N,OCMode_PWM-PWM Generation3 CH3 CH3N,AutoReloadPreload,OCFastMode_PWM-PWM Generation1 CH1 CH1N,OCFastMode_PWM-PWM Generation2 CH2 CH2N,OCFastMode_PWM-PWM Generation3 CH3 CH3N
TIM8.OCFastMode_PWM-PWM\ Generation1\ CH1\ CH1N=TIM_OCFAST_DISABLE
TIM8.OCFastMode_PWM-PWM\ Generation2\ CH2\ CH2N=TIM_OCFAST_DISABLE
TIM8.OCFastMode_PWM-PWM\ Generation3\ CH3\ CH3N=TIM_OCFAST_DISABLE
TIM8.OCMode_PWM-PWM\ Generation1\ CH1\ CH1N=TIM_OCMODE_PWM1
TIM8.OCMode_PWM-PWM\ Generation2\ CH2\ CH2N=TIM_OCMODE_PWM1
TIM8.OCMode_PWM-PWM\ Generation3\ CH3\ CH3N=TIM_OCMODE_PWM1
TIM8.PeriodNoDither=4199
TIM8.Prescaler=0
TIM8.RepetitionCounter=0
TIM8.TIM_MasterOutputTrigger=TIM_TRGO_OC4REF
TIM8.TIM_MasterOutputTrigger2=TIM_TRGO2_RESET
USART1.AutoBaudRateEnableParam=UART_ADVFEATURE_AUTOBAUDRATE_DISABLE
USART1.BaudRate=10500000
USART1.FIFOMode=FIFOMODE_ENABLE
USART1.IPParameters=VirtualMode-Asynchronous,Mode,FIFOMode,AutoBaudRateEnableParam,BaudRate,WordLength,Parity
USART1.Mode=MODE_TX
USART1.Parity=PARITY_NONE
USART1.VirtualMode-Asynchronous=VM_ASYNC
USART1.WordLength=WORDLENGTH_8B
USART3.BaudRate=6000000
USART3.IPParameters=VirtualMode-Asynchronous,BaudRate
USART3.VirtualMode-Asynchronous=VM_ASYNC
USB_DEVICE.CLASS_NAME_FS=CDC
USB_DEVICE.IPParameters=VirtualMode,VirtualModeFS,CLASS_NAME_FS
USB_DEVICE.VirtualMode=Cdc
USB_DEVICE.VirtualModeFS=Cdc_FS
VP_CORDIC_VS_CORDIC.Mode=CORDIC_Activate
VP_CORDIC_VS_CORDIC.Signal=CORDIC_VS_CORDIC
VP_FMAC_VS_FMAC.Mode=FMAC_Activate
VP_FMAC_VS_FMAC.Signal=FMAC_VS_FMAC
VP_STMicroelectronics.X-CUBE-ALGOBUILD_VS_DSPOoLibraryJjLibrary_1.3.0_1.3.0.Mode=DSPOoLibraryJjLibrary
VP_STMicroelectronics.X-CUBE-ALGOBUILD_VS_DSPOoLibraryJjLibrary_1.3.0_1.3.0.Signal=STMicroelectronics.X-CUBE-ALGOBUILD_VS_DSPOoLibraryJjLibrary_1.3.0_1.3.0
VP_SYS_VS_DBSignals.Mode=DisableDeadBatterySignals
VP_SYS_VS_DBSignals.Signal=SYS_VS_DBSignals
VP_SYS_VS_Systick.Mode=SysTick
VP_SYS_VS_Systick.Signal=SYS_VS_Systick
VP_TIM1_VS_ClockSourceINT.Mode=Internal
VP_TIM1_VS_ClockSourceINT.Signal=TIM1_VS_ClockSourceINT
VP_TIM1_VS_no_output4.Mode=PWM Generation4 No Output
VP_TIM1_VS_no_output4.Signal=TIM1_VS_no_output4
VP_TIM2_VS_ClockSourceINT.Mode=Internal
VP_TIM2_VS_ClockSourceINT.Signal=TIM2_VS_ClockSourceINT
VP_TIM3_VS_ClockSourceINT.Mode=Internal
VP_TIM3_VS_ClockSourceINT.Signal=TIM3_VS_ClockSourceINT
VP_TIM8_VS_ClockSourceINT.Mode=Internal
VP_TIM8_VS_ClockSourceINT.Signal=TIM8_VS_ClockSourceINT
VP_TIM8_VS_no_output4.Mode=PWM Generation4 No Output
VP_TIM8_VS_no_output4.Signal=TIM8_VS_no_output4
VP_USB_DEVICE_VS_USB_DEVICE_CDC_FS.Mode=CDC_FS
VP_USB_DEVICE_VS_USB_DEVICE_CDC_FS.Signal=USB_DEVICE_VS_USB_DEVICE_CDC_FS
board=custom
